// !$*UTF8*$!
{
	archiveVersion = 1;
	classes = {
	};
	objectVersion = 56;
	objects = {

/* Begin PBXBuildFile section */
		7E6DAE082D58A6C000BBBCA3 /* TestGitActionApp.swift in Sources */ = {isa = PBXBuildFile; fileRef = 7E6DAE072D58A6C000BBBCA3 /* TestGitActionApp.swift */; };
		7E6DAE0A2D58A6C000BBBCA3 /* ContentView.swift in Sources */ = {isa = PBXBuildFile; fileRef = 7E6DAE092D58A6C000BBBCA3 /* ContentView.swift */; };
		7E6DAE0C2D58A6C100BBBCA3 /* Assets.xcassets in Resources */ = {isa = PBXBuildFile; fileRef = 7E6DAE0B2D58A6C100BBBCA3 /* Assets.xcassets */; };
		7E6DAE0F2D58A6C100BBBCA3 /* Preview Assets.xcassets in Resources */ = {isa = PBXBuildFile; fileRef = 7E6DAE0E2D58A6C100BBBCA3 /* Preview Assets.xcassets */; };
		7E6DAE192D58A6C100BBBCA3 /* TestGitActionTests.swift in Sources */ = {isa = PBXBuildFile; fileRef = 7E6DAE182D58A6C100BBBCA3 /* TestGitActionTests.swift */; };
		7E6DAE232D58A6C100BBBCA3 /* TestGitActionUITests.swift in Sources */ = {isa = PBXBuildFile; fileRef = 7E6DAE222D58A6C100BBBCA3 /* TestGitActionUITests.swift */; };
		7E6DAE252D58A6C100BBBCA3 /* TestGitActionUITestsLaunchTests.swift in Sources */ = {isa = PBXBuildFile; fileRef = 7E6DAE242D58A6C100BBBCA3 /* TestGitActionUITestsLaunchTests.swift */; };
/* End PBXBuildFile section */

/* Begin PBXContainerItemProxy section */
		7E6DAE152D58A6C100BBBCA3 /* PBXContainerItemProxy */ = {
			isa = PBXContainerItemProxy;
			containerPortal = 7E6DADFC2D58A6C000BBBCA3 /* Project object */;
			proxyType = 1;
			remoteGlobalIDString = 7E6DAE032D58A6C000BBBCA3;
			remoteInfo = TestGitAction;
		};
		7E6DAE1F2D58A6C100BBBCA3 /* PBXContainerItemProxy */ = {
			isa = PBXContainerItemProxy;
			containerPortal = 7E6DADFC2D58A6C000BBBCA3 /* Project object */;
			proxyType = 1;
			remoteGlobalIDString = 7E6DAE032D58A6C000BBBCA3;
			remoteInfo = TestGitAction;
		};
/* End PBXContainerItemProxy section */

/* Begin PBXFileReference section */
		7E6DAE042D58A6C000BBBCA3 /* TestGitAction.app */ = {isa = PBXFileReference; explicitFileType = wrapper.application; includeInIndex = 0; path = TestGitAction.app; sourceTree = BUILT_PRODUCTS_DIR; };
		7E6DAE072D58A6C000BBBCA3 /* TestGitActionApp.swift */ = {isa = PBXFileReference; lastKnownFileType = sourcecode.swift; path = TestGitActionApp.swift; sourceTree = "<group>"; };
		7E6DAE092D58A6C000BBBCA3 /* ContentView.swift */ = {isa = PBXFileReference; lastKnownFileType = sourcecode.swift; path = ContentView.swift; sourceTree = "<group>"; };
		7E6DAE0B2D58A6C100BBBCA3 /* Assets.xcassets */ = {isa = PBXFileReference; lastKnownFileType = folder.assetcatalog; path = Assets.xcassets; sourceTree = "<group>"; };
		7E6DAE0E2D58A6C100BBBCA3 /* Preview Assets.xcassets */ = {isa = PBXFileReference; lastKnownFileType = folder.assetcatalog; path = "Preview Assets.xcassets"; sourceTree = "<group>"; };
		7E6DAE142D58A6C100BBBCA3 /* TestGitActionTests.xctest */ = {isa = PBXFileReference; explicitFileType = wrapper.cfbundle; includeInIndex = 0; path = TestGitActionTests.xctest; sourceTree = BUILT_PRODUCTS_DIR; };
		7E6DAE182D58A6C100BBBCA3 /* TestGitActionTests.swift */ = {isa = PBXFileReference; lastKnownFileType = sourcecode.swift; path = TestGitActionTests.swift; sourceTree = "<group>"; };
		7E6DAE1E2D58A6C100BBBCA3 /* TestGitActionUITests.xctest */ = {isa = PBXFileReference; explicitFileType = wrapper.cfbundle; includeInIndex = 0; path = TestGitActionUITests.xctest; sourceTree = BUILT_PRODUCTS_DIR; };
		7E6DAE222D58A6C100BBBCA3 /* TestGitActionUITests.swift */ = {isa = PBXFileReference; lastKnownFileType = sourcecode.swift; path = TestGitActionUITests.swift; sourceTree = "<group>"; };
		7E6DAE242D58A6C100BBBCA3 /* TestGitActionUITestsLaunchTests.swift */ = {isa = PBXFileReference; lastKnownFileType = sourcecode.swift; path = TestGitActionUITestsLaunchTests.swift; sourceTree = "<group>"; };
/* End PBXFileReference section */

/* Begin PBXFrameworksBuildPhase section */
		7E6DAE012D58A6C000BBBCA3 /* Frameworks */ = {
			isa = PBXFrameworksBuildPhase;
			buildActionMask = 2147483647;
			files = (
			);
			runOnlyForDeploymentPostprocessing = 0;
		};
		7E6DAE112D58A6C100BBBCA3 /* Frameworks */ = {
			isa = PBXFrameworksBuildPhase;
			buildActionMask = 2147483647;
			files = (
			);
			runOnlyForDeploymentPostprocessing = 0;
		};
		7E6DAE1B2D58A6C100BBBCA3 /* Frameworks */ = {
			isa = PBXFrameworksBuildPhase;
			buildActionMask = 2147483647;
			files = (
			);
			runOnlyForDeploymentPostprocessing = 0;
		};
/* End PBXFrameworksBuildPhase section */

/* Begin PBXGroup section */
		7E6DADFB2D58A6C000BBBCA3 = {
			isa = PBXGroup;
			children = (
				7E6DAE062D58A6C000BBBCA3 /* TestGitAction */,
				7E6DAE172D58A6C100BBBCA3 /* TestGitActionTests */,
				7E6DAE212D58A6C100BBBCA3 /* TestGitActionUITests */,
				7E6DAE052D58A6C000BBBCA3 /* Products */,
			);
			sourceTree = "<group>";
		};
		7E6DAE052D58A6C000BBBCA3 /* Products */ = {
			isa = PBXGroup;
			children = (
				7E6DAE042D58A6C000BBBCA3 /* TestGitAction.app */,
				7E6DAE142D58A6C100BBBCA3 /* TestGitActionTests.xctest */,
				7E6DAE1E2D58A6C100BBBCA3 /* TestGitActionUITests.xctest */,
			);
			name = Products;
			sourceTree = "<group>";
		};
		7E6DAE062D58A6C000BBBCA3 /* TestGitAction */ = {
			isa = PBXGroup;
			children = (
				7E6DAE072D58A6C000BBBCA3 /* TestGitActionApp.swift */,
				7E6DAE092D58A6C000BBBCA3 /* ContentView.swift */,
				7E6DAE0B2D58A6C100BBBCA3 /* Assets.xcassets */,
				7E6DAE0D2D58A6C100BBBCA3 /* Preview Content */,
			);
			path = TestGitAction;
			sourceTree = "<group>";
		};
		7E6DAE0D2D58A6C100BBBCA3 /* Preview Content */ = {
			isa = PBXGroup;
			children = (
				7E6DAE0E2D58A6C100BBBCA3 /* Preview Assets.xcassets */,
			);
			path = "Preview Content";
			sourceTree = "<group>";
		};
		7E6DAE172D58A6C100BBBCA3 /* TestGitActionTests */ = {
			isa = PBXGroup;
			children = (
				7E6DAE182D58A6C100BBBCA3 /* TestGitActionTests.swift */,
			);
			path = TestGitActionTests;
			sourceTree = "<group>";
		};
		7E6DAE212D58A6C100BBBCA3 /* TestGitActionUITests */ = {
			isa = PBXGroup;
			children = (
				7E6DAE222D58A6C100BBBCA3 /* TestGitActionUITests.swift */,
				7E6DAE242D58A6C100BBBCA3 /* TestGitActionUITestsLaunchTests.swift */,
			);
			path = TestGitActionUITests;
			sourceTree = "<group>";
		};
/* End PBXGroup section */

/* Begin PBXNativeTarget section */
		7E6DAE032D58A6C000BBBCA3 /* TestGitAction */ = {
			isa = PBXNativeTarget;
			buildConfigurationList = 7E6DAE282D58A6C100BBBCA3 /* Build configuration list for PBXNativeTarget "TestGitAction" */;
			buildPhases = (
				7E6DAE002D58A6C000BBBCA3 /* Sources */,
				7E6DAE012D58A6C000BBBCA3 /* Frameworks */,
				7E6DAE022D58A6C000BBBCA3 /* Resources */,
			);
			buildRules = (
			);
			dependencies = (
			);
			name = TestGitAction;
			productName = TestGitAction;
			productReference = 7E6DAE042D58A6C000BBBCA3 /* TestGitAction.app */;
			productType = "com.apple.product-type.application";
		};
		7E6DAE132D58A6C100BBBCA3 /* TestGitActionTests */ = {
			isa = PBXNativeTarget;
			buildConfigurationList = 7E6DAE2B2D58A6C100BBBCA3 /* Build configuration list for PBXNativeTarget "TestGitActionTests" */;
			buildPhases = (
				7E6DAE102D58A6C100BBBCA3 /* Sources */,
				7E6DAE112D58A6C100BBBCA3 /* Frameworks */,
				7E6DAE122D58A6C100BBBCA3 /* Resources */,
			);
			buildRules = (
			);
			dependencies = (
				7E6DAE162D58A6C100BBBCA3 /* PBXTargetDependency */,
			);
			name = TestGitActionTests;
			productName = TestGitActionTests;
			productReference = 7E6DAE142D58A6C100BBBCA3 /* TestGitActionTests.xctest */;
			productType = "com.apple.product-type.bundle.unit-test";
		};
		7E6DAE1D2D58A6C100BBBCA3 /* TestGitActionUITests */ = {
			isa = PBXNativeTarget;
			buildConfigurationList = 7E6DAE2E2D58A6C100BBBCA3 /* Build configuration list for PBXNativeTarget "TestGitActionUITests" */;
			buildPhases = (
				7E6DAE1A2D58A6C100BBBCA3 /* Sources */,
				7E6DAE1B2D58A6C100BBBCA3 /* Frameworks */,
				7E6DAE1C2D58A6C100BBBCA3 /* Resources */,
			);
			buildRules = (
			);
			dependencies = (
				7E6DAE202D58A6C100BBBCA3 /* PBXTargetDependency */,
			);
			name = TestGitActionUITests;
			productName = TestGitActionUITests;
			productReference = 7E6DAE1E2D58A6C100BBBCA3 /* TestGitActionUITests.xctest */;
			productType = "com.apple.product-type.bundle.ui-testing";
		};
/* End PBXNativeTarget section */

/* Begin PBXProject section */
		7E6DADFC2D58A6C000BBBCA3 /* Project object */ = {
			isa = PBXProject;
			attributes = {
				BuildIndependentTargetsInParallel = 1;
				LastSwiftUpdateCheck = 1520;
				LastUpgradeCheck = 1520;
				TargetAttributes = {
					7E6DAE032D58A6C000BBBCA3 = {
						CreatedOnToolsVersion = 15.2;
					};
					7E6DAE132D58A6C100BBBCA3 = {
						CreatedOnToolsVersion = 15.2;
						TestTargetID = 7E6DAE032D58A6C000BBBCA3;
					};
					7E6DAE1D2D58A6C100BBBCA3 = {
						CreatedOnToolsVersion = 15.2;
						TestTargetID = 7E6DAE032D58A6C000BBBCA3;
					};
				};
			};
			buildConfigurationList = 7E6DADFF2D58A6C000BBBCA3 /* Build configuration list for PBXProject "TestGitAction" */;
			compatibilityVersion = "Xcode 14.0";
			developmentRegion = en;
			hasScannedForEncodings = 0;
			knownRegions = (
				en,
				Base,
			);
			mainGroup = 7E6DADFB2D58A6C000BBBCA3;
			productRefGroup = 7E6DAE052D58A6C000BBBCA3 /* Products */;
			projectDirPath = "";
			projectRoot = "";
			targets = (
				7E6DAE032D58A6C000BBBCA3 /* TestGitAction */,
				7E6DAE132D58A6C100BBBCA3 /* TestGitActionTests */,
				7E6DAE1D2D58A6C100BBBCA3 /* TestGitActionUITests */,
			);
		};
/* End PBXProject section */

/* Begin PBXResourcesBuildPhase section */
		7E6DAE022D58A6C000BBBCA3 /* Resources */ = {
			isa = PBXResourcesBuildPhase;
			buildActionMask = 2147483647;
			files = (
				7E6DAE0F2D58A6C100BBBCA3 /* Preview Assets.xcassets in Resources */,
				7E6DAE0C2D58A6C100BBBCA3 /* Assets.xcassets in Resources */,
			);
			runOnlyForDeploymentPostprocessing = 0;
		};
		7E6DAE122D58A6C100BBBCA3 /* Resources */ = {
			isa = PBXResourcesBuildPhase;
			buildActionMask = 2147483647;
			files = (
			);
			runOnlyForDeploymentPostprocessing = 0;
		};
		7E6DAE1C2D58A6C100BBBCA3 /* Resources */ = {
			isa = PBXResourcesBuildPhase;
			buildActionMask = 2147483647;
			files = (
			);
			runOnlyForDeploymentPostprocessing = 0;
		};
/* End PBXResourcesBuildPhase section */

/* Begin PBXSourcesBuildPhase section */
		7E6DAE002D58A6C000BBBCA3 /* Sources */ = {
			isa = PBXSourcesBuildPhase;
			buildActionMask = 2147483647;
			files = (
				7E6DAE0A2D58A6C000BBBCA3 /* ContentView.swift in Sources */,
				7E6DAE082D58A6C000BBBCA3 /* TestGitActionApp.swift in Sources */,
			);
			runOnlyForDeploymentPostprocessing = 0;
		};
		7E6DAE102D58A6C100BBBCA3 /* Sources */ = {
			isa = PBXSourcesBuildPhase;
			buildActionMask = 2147483647;
			files = (
				7E6DAE192D58A6C100BBBCA3 /* TestGitActionTests.swift in Sources */,
			);
			runOnlyForDeploymentPostprocessing = 0;
		};
		7E6DAE1A2D58A6C100BBBCA3 /* Sources */ = {
			isa = PBXSourcesBuildPhase;
			buildActionMask = 2147483647;
			files = (
				7E6DAE232D58A6C100BBBCA3 /* TestGitActionUITests.swift in Sources */,
				7E6DAE252D58A6C100BBBCA3 /* TestGitActionUITestsLaunchTests.swift in Sources */,
			);
			runOnlyForDeploymentPostprocessing = 0;
		};
/* End PBXSourcesBuildPhase section */

/* Begin PBXTargetDependency section */
		7E6DAE162D58A6C100BBBCA3 /* PBXTargetDependency */ = {
			isa = PBXTargetDependency;
			target = 7E6DAE032D58A6C000BBBCA3 /* TestGitAction */;
			targetProxy = 7E6DAE152D58A6C100BBBCA3 /* PBXContainerItemProxy */;
		};
		7E6DAE202D58A6C100BBBCA3 /* PBXTargetDependency */ = {
			isa = PBXTargetDependency;
			target = 7E6DAE032D58A6C000BBBCA3 /* TestGitAction */;
			targetProxy = 7E6DAE1F2D58A6C100BBBCA3 /* PBXContainerItemProxy */;
		};
/* End PBXTargetDependency section */

/* Begin XCBuildConfiguration section */
		7E6DAE262D58A6C100BBBCA3 /* Debug */ = {
			isa = XCBuildConfiguration;
			buildSettings = {
				ALWAYS_SEARCH_USER_PATHS = NO;
				ASSETCATALOG_COMPILER_GENERATE_SWIFT_ASSET_SYMBOL_EXTENSIONS = YES;
				CLANG_ANALYZER_NONNULL = YES;
				CLANG_ANALYZER_NUMBER_OBJECT_CONVERSION = YES_AGGRESSIVE;
				CLANG_CXX_LANGUAGE_STANDARD = "gnu++20";
				CLANG_ENABLE_MODULES = YES;
				CLANG_ENABLE_OBJC_ARC = YES;
				CLANG_ENABLE_OBJC_WEAK = YES;
				CLANG_WARN_BLOCK_CAPTURE_AUTORELEASING = YES;
				CLANG_WARN_BOOL_CONVERSION = YES;
				CLANG_WARN_COMMA = YES;
				CLANG_WARN_CONSTANT_CONVERSION = YES;
				CLANG_WARN_DEPRECATED_OBJC_IMPLEMENTATIONS = YES;
				CLANG_WARN_DIRECT_OBJC_ISA_USAGE = YES_ERROR;
				CLANG_WARN_DOCUMENTATION_COMMENTS = YES;
				CLANG_WARN_EMPTY_BODY = YES;
				CLANG_WARN_ENUM_CONVERSION = YES;
				CLANG_WARN_INFINITE_RECURSION = YES;
				CLANG_WARN_INT_CONVERSION = YES;
				CLANG_WARN_NON_LITERAL_NULL_CONVERSION = YES;
				CLANG_WARN_OBJC_IMPLICIT_RETAIN_SELF = YES;
				CLANG_WARN_OBJC_LITERAL_CONVERSION = YES;
				CLANG_WARN_OBJC_ROOT_CLASS = YES_ERROR;
				CLANG_WARN_QUOTED_INCLUDE_IN_FRAMEWORK_HEADER = YES;
				CLANG_WARN_RANGE_LOOP_ANALYSIS = YES;
				CLANG_WARN_STRICT_PROTOTYPES = YES;
				CLANG_WARN_SUSPICIOUS_MOVE = YES;
				CLANG_WARN_UNGUARDED_AVAILABILITY = YES_AGGRESSIVE;
				CLANG_WARN_UNREACHABLE_CODE = YES;
				CLANG_WARN__DUPLICATE_METHOD_MATCH = YES;
				COPY_PHASE_STRIP = NO;
				DEBUG_INFORMATION_FORMAT = dwarf;
				ENABLE_STRICT_OBJC_MSGSEND = YES;
				ENABLE_TESTABILITY = YES;
				ENABLE_USER_SCRIPT_SANDBOXING = YES;
				GCC_C_LANGUAGE_STANDARD = gnu17;
				GCC_DYNAMIC_NO_PIC = NO;
				GCC_NO_COMMON_BLOCKS = YES;
				GCC_OPTIMIZATION_LEVEL = 0;
				GCC_PREPROCESSOR_DEFINITIONS = (
					"DEBUG=1",
					"$(inherited)",
				);
				GCC_WARN_64_TO_32_BIT_CONVERSION = YES;
				GCC_WARN_ABOUT_RETURN_TYPE = YES_ERROR;
				GCC_WARN_UNDECLARED_SELECTOR = YES;
				GCC_WARN_UNINITIALIZED_AUTOS = YES_AGGRESSIVE;
				GCC_WARN_UNUSED_FUNCTION = YES;
				GCC_WARN_UNUSED_VARIABLE = YES;
				IPHONEOS_DEPLOYMENT_TARGET = 17.2;
				LOCALIZATION_PREFERS_STRING_CATALOGS = YES;
				MTL_ENABLE_DEBUG_INFO = INCLUDE_SOURCE;
				MTL_FAST_MATH = YES;
				ONLY_ACTIVE_ARCH = YES;
				SDKROOT = iphoneos;
				SWIFT_ACTIVE_COMPILATION_CONDITIONS = "DEBUG $(inherited)";
				SWIFT_OPTIMIZATION_LEVEL = "-Onone";
			};
			name = Debug;
		};
		7E6DAE272D58A6C100BBBCA3 /* Release */ = {
			isa = XCBuildConfiguration;
			buildSettings = {
				ALWAYS_SEARCH_USER_PATHS = NO;
				ASSETCATALOG_COMPILER_GENERATE_SWIFT_ASSET_SYMBOL_EXTENSIONS = YES;
				CLANG_ANALYZER_NONNULL = YES;
				CLANG_ANALYZER_NUMBER_OBJECT_CONVERSION = YES_AGGRESSIVE;
				CLANG_CXX_LANGUAGE_STANDARD = "gnu++20";
				CLANG_ENABLE_MODULES = YES;
				CLANG_ENABLE_OBJC_ARC = YES;
				CLANG_ENABLE_OBJC_WEAK = YES;
				CLANG_WARN_BLOCK_CAPTURE_AUTORELEASING = YES;
				CLANG_WARN_BOOL_CONVERSION = YES;
				CLANG_WARN_COMMA = YES;
				CLANG_WARN_CONSTANT_CONVERSION = YES;
				CLANG_WARN_DEPRECATED_OBJC_IMPLEMENTATIONS = YES;
				CLANG_WARN_DIRECT_OBJC_ISA_USAGE = YES_ERROR;
				CLANG_WARN_DOCUMENTATION_COMMENTS = YES;
				CLANG_WARN_EMPTY_BODY = YES;
				CLANG_WARN_ENUM_CONVERSION = YES;
				CLANG_WARN_INFINITE_RECURSION = YES;
				CLANG_WARN_INT_CONVERSION = YES;
				CLANG_WARN_NON_LITERAL_NULL_CONVERSION = YES;
				CLANG_WARN_OBJC_IMPLICIT_RETAIN_SELF = YES;
				CLANG_WARN_OBJC_LITERAL_CONVERSION = YES;
				CLANG_WARN_OBJC_ROOT_CLASS = YES_ERROR;
				CLANG_WARN_QUOTED_INCLUDE_IN_FRAMEWORK_HEADER = YES;
				CLANG_WARN_RANGE_LOOP_ANALYSIS = YES;
				CLANG_WARN_STRICT_PROTOTYPES = YES;
				CLANG_WARN_SUSPICIOUS_MOVE = YES;
				CLANG_WARN_UNGUARDED_AVAILABILITY = YES_AGGRESSIVE;
				CLANG_WARN_UNREACHABLE_CODE = YES;
				CLANG_WARN__DUPLICATE_METHOD_MATCH = YES;
				COPY_PHASE_STRIP = NO;
				DEBUG_INFORMATION_FORMAT = "dwarf-with-dsym";
				ENABLE_NS_ASSERTIONS = NO;
				ENABLE_STRICT_OBJC_MSGSEND = YES;
				ENABLE_USER_SCRIPT_SANDBOXING = YES;
				GCC_C_LANGUAGE_STANDARD = gnu17;
				GCC_NO_COMMON_BLOCKS = YES;
				GCC_WARN_64_TO_32_BIT_CONVERSION = YES;
				GCC_WARN_ABOUT_RETURN_TYPE = YES_ERROR;
				GCC_WARN_UNDECLARED_SELECTOR = YES;
				GCC_WARN_UNINITIALIZED_AUTOS = YES_AGGRESSIVE;
				GCC_WARN_UNUSED_FUNCTION = YES;
				GCC_WARN_UNUSED_VARIABLE = YES;
				IPHONEOS_DEPLOYMENT_TARGET = 17.2;
				LOCALIZATION_PREFERS_STRING_CATALOGS = YES;
				MTL_ENABLE_DEBUG_INFO = NO;
				MTL_FAST_MATH = YES;
				SDKROOT = iphoneos;
				SWIFT_COMPILATION_MODE = wholemodule;
				VALIDATE_PRODUCT = YES;
			};
			name = Release;
		};
		7E6DAE292D58A6C100BBBCA3 /* Debug */ = {
			isa = XCBuildConfiguration;
			buildSettings = {
				ASSETCATALOG_COMPILER_APPICON_NAME = AppIcon;
				ASSETCATALOG_COMPILER_GLOBAL_ACCENT_COLOR_NAME = AccentColor;
				CODE_SIGN_STYLE = Automatic;
				CURRENT_PROJECT_VERSION = 1;
				DEVELOPMENT_ASSET_PATHS = "\"TestGitAction/Preview Content\"";
				DEVELOPMENT_TEAM = 3F8C4P2T95;
				ENABLE_PREVIEWS = YES;
				GENERATE_INFOPLIST_FILE = YES;
				INFOPLIST_KEY_UIApplicationSceneManifest_Generation = YES;
				INFOPLIST_KEY_UIApplicationSupportsIndirectInputEvents = YES;
				INFOPLIST_KEY_UILaunchScreen_Generation = YES;
				INFOPLIST_KEY_UISupportedInterfaceOrientations_iPad = "UIInterfaceOrientationPortrait UIInterfaceOrientationPortraitUpsideDown UIInterfaceOrientationLandscapeLeft UIInterfaceOrientationLandscapeRight";
				INFOPLIST_KEY_UISupportedInterfaceOrientations_iPhone = "UIInterfaceOrientationPortrait UIInterfaceOrientationLandscapeLeft UIInterfaceOrientationLandscapeRight";
				LD_RUNPATH_SEARCH_PATHS = (
					"$(inherited)",
					"@executable_path/Frameworks",
				);
				MARKETING_VERSION = 1.0;
				PRODUCT_BUNDLE_IDENTIFIER = com.TestGitAction;
				PRODUCT_NAME = "$(TARGET_NAME)";
				SWIFT_EMIT_LOC_STRINGS = YES;
				SWIFT_VERSION = 5.0;
				TARGETED_DEVICE_FAMILY = "1,2";
			};
			name = Debug;
		};
		7E6DAE2A2D58A6C100BBBCA3 /* Release */ = {
			isa = XCBuildConfiguration;
			buildSettings = {
				ASSETCATALOG_COMPILER_APPICON_NAME = AppIcon;
				ASSETCATALOG_COMPILER_GLOBAL_ACCENT_COLOR_NAME = AccentColor;
				CODE_SIGN_STYLE = Automatic;
				CURRENT_PROJECT_VERSION = 1;
				DEVELOPMENT_ASSET_PATHS = "\"TestGitAction/Preview Content\"";
				DEVELOPMENT_TEAM = 3F8C4P2T95;
				ENABLE_PREVIEWS = YES;
				GENERATE_INFOPLIST_FILE = YES;
				INFOPLIST_KEY_UIApplicationSceneManifest_Generation = YES;
				INFOPLIST_KEY_UIApplicationSupportsIndirectInputEvents = YES;
				INFOPLIST_KEY_UILaunchScreen_Generation = YES;
				INFOPLIST_KEY_UISupportedInterfaceOrientations_iPad = "UIInterfaceOrientationPortrait UIInterfaceOrientationPortraitUpsideDown UIInterfaceOrientationLandscapeLeft UIInterfaceOrientationLandscapeRight";
				INFOPLIST_KEY_UISupportedInterfaceOrientations_iPhone = "UIInterfaceOrientationPortrait UIInterfaceOrientationLandscapeLeft UIInterfaceOrientationLandscapeRight";
				LD_RUNPATH_SEARCH_PATHS = (
					"$(inherited)",
					"@executable_path/Frameworks",
				);
				MARKETING_VERSION = 1.0;
				PRODUCT_BUNDLE_IDENTIFIER = com.TestGitAction;
				PRODUCT_NAME = "$(TARGET_NAME)";
				SWIFT_EMIT_LOC_STRINGS = YES;
				SWIFT_VERSION = 5.0;
				TARGETED_DEVICE_FAMILY = "1,2";
			};
			name = Release;
		};
		7E6DAE2C2D58A6C100BBBCA3 /* Debug */ = {
			isa = XCBuildConfiguration;
			buildSettings = {
				ALWAYS_EMBED_SWIFT_STANDARD_LIBRARIES = YES;
				BUNDLE_LOADER = "$(TEST_HOST)";
				CODE_SIGN_STYLE = Automatic;
				CURRENT_PROJECT_VERSION = 1;
				DEVELOPMENT_TEAM = 3F8C4P2T95;
				GENERATE_INFOPLIST_FILE = YES;
				IPHONEOS_DEPLOYMENT_TARGET = 17.2;
				MARKETING_VERSION = 1.0;
				PRODUCT_BUNDLE_IDENTIFIER = com.TestGitActionTests;
				PRODUCT_NAME = "$(TARGET_NAME)";
				SWIFT_EMIT_LOC_STRINGS = NO;
				SWIFT_VERSION = 5.0;
				TARGETED_DEVICE_FAMILY = "1,2";
				TEST_HOST = "$(BUILT_PRODUCTS_DIR)/TestGitAction.app/$(BUNDLE_EXECUTABLE_FOLDER_PATH)/TestGitAction";
			};
			name = Debug;
		};
		7E6DAE2D2D58A6C100BBBCA3 /* Release */ = {
			isa = XCBuildConfiguration;
			buildSettings = {
				ALWAYS_EMBED_SWIFT_STANDARD_LIBRARIES = YES;
				BUNDLE_LOADER = "$(TEST_HOST)";
				CODE_SIGN_STYLE = Automatic;
				CURRENT_PROJECT_VERSION = 1;
				DEVELOPMENT_TEAM = 3F8C4P2T95;
				GENERATE_INFOPLIST_FILE = YES;
				IPHONEOS_DEPLOYMENT_TARGET = 17.2;
				MARKETING_VERSION = 1.0;
				PRODUCT_BUNDLE_IDENTIFIER = com.TestGitActionTests;
				PRODUCT_NAME = "$(TARGET_NAME)";
				SWIFT_EMIT_LOC_STRINGS = NO;
				SWIFT_VERSION = 5.0;
				TARGETED_DEVICE_FAMILY = "1,2";
				TEST_HOST = "$(BUILT_PRODUCTS_DIR)/TestGitAction.app/$(BUNDLE_EXECUTABLE_FOLDER_PATH)/TestGitAction";
			};
			name = Release;
		};
		7E6DAE2F2D58A6C100BBBCA3 /* Debug */ = {
			isa = XCBuildConfiguration;
			buildSettings = {
				ALWAYS_EMBED_SWIFT_STANDARD_LIBRARIES = YES;
				CODE_SIGN_STYLE = Automatic;
				CURRENT_PROJECT_VERSION = 1;
				DEVELOPMENT_TEAM = 3F8C4P2T95;
				GENERATE_INFOPLIST_FILE = YES;
				MARKETING_VERSION = 1.0;
				PRODUCT_BUNDLE_IDENTIFIER = com.TestGitActionUITests;
				PRODUCT_NAME = "$(TARGET_NAME)";
				SWIFT_EMIT_LOC_STRINGS = NO;
				SWIFT_VERSION = 5.0;
				TARGETED_DEVICE_FAMILY = "1,2";
				TEST_TARGET_NAME = TestGitAction;
			};
			name = Debug;
		};
		7E6DAE302D58A6C100BBBCA3 /* Release */ = {
			isa = XCBuildConfiguration;
			buildSettings = {
				ALWAYS_EMBED_SWIFT_STANDARD_LIBRARIES = YES;
				CODE_SIGN_STYLE = Automatic;
				CURRENT_PROJECT_VERSION = 1;
				DEVELOPMENT_TEAM = 3F8C4P2T95;
				GENERATE_INFOPLIST_FILE = YES;
				MARKETING_VERSION = 1.0;
				PRODUCT_BUNDLE_IDENTIFIER = com.TestGitActionUITests;
				PRODUCT_NAME = "$(TARGET_NAME)";
				SWIFT_EMIT_LOC_STRINGS = NO;
				SWIFT_VERSION = 5.0;
				TARGETED_DEVICE_FAMILY = "1,2";
				TEST_TARGET_NAME = TestGitAction;
			};
			name = Release;
		};
/* End XCBuildConfiguration section */

/* Begin XCConfigurationList section */
		7E6DADFF2D58A6C000BBBCA3 /* Build configuration list for PBXProject "TestGitAction" */ = {
			isa = XCConfigurationList;
			buildConfigurations = (
				7E6DAE262D58A6C100BBBCA3 /* Debug */,
				7E6DAE272D58A6C100BBBCA3 /* Release */,
			);
			defaultConfigurationIsVisible = 0;
			defaultConfigurationName = Release;
		};
		7E6DAE282D58A6C100BBBCA3 /* Build configuration list for PBXNativeTarget "TestGitAction" */ = {
			isa = XCConfigurationList;
			buildConfigurations = (
				7E6DAE292D58A6C100BBBCA3 /* Debug */,
				7E6DAE2A2D58A6C100BBBCA3 /* Release */,
			);
			defaultConfigurationIsVisible = 0;
			defaultConfigurationName = Release;
		};
		7E6DAE2B2D58A6C100BBBCA3 /* Build configuration list for PBXNativeTarget "TestGitActionTests" */ = {
			isa = XCConfigurationList;
			buildConfigurations = (
				7E6DAE2C2D58A6C100BBBCA3 /* Debug */,
				7E6DAE2D2D58A6C100BBBCA3 /* Release */,
			);
			defaultConfigurationIsVisible = 0;
			defaultConfigurationName = Release;
		};
		7E6DAE2E2D58A6C100BBBCA3 /* Build configuration list for PBXNativeTarget "TestGitActionUITests" */ = {
			isa = XCConfigurationList;
			buildConfigurations = (
				7E6DAE2F2D58A6C100BBBCA3 /* Debug */,
				7E6DAE302D58A6C100BBBCA3 /* Release */,
			);
			defaultConfigurationIsVisible = 0;
			defaultConfigurationName = Release;
		};
/* End XCConfigurationList section */
	};
	rootObject = 7E6DADFC2D58A6C000BBBCA3 /* Project object */;
}
